// !$*UTF8*$!
{
	archiveVersion = 1;
	classes = {
	};
	objectVersion = 56;
	objects = {

/* Begin PBXBuildFile section */
		60600BC32CC39E9300833A41 /* AppDelegate.swift in Sources */ = {isa = PBXBuildFile; fileRef = 60600BC22CC39E9300833A41 /* AppDelegate.swift */; };
		60600BC52CC39E9300833A41 /* SceneDelegate.swift in Sources */ = {isa = PBXBuildFile; fileRef = 60600BC42CC39E9300833A41 /* SceneDelegate.swift */; };
		60600BCA2CC39E9300833A41 /* Base in Resources */ = {isa = PBXBuildFile; fileRef = 60600BC92CC39E9300833A41 /* Base */; };
		60600BCD2CC39E9300833A41 /* MVVMUIKit.xcdatamodeld in Sources */ = {isa = PBXBuildFile; fileRef = 60600BCB2CC39E9300833A41 /* MVVMUIKit.xcdatamodeld */; };
		60600BCF2CC39E9400833A41 /* Assets.xcassets in Resources */ = {isa = PBXBuildFile; fileRef = 60600BCE2CC39E9400833A41 /* Assets.xcassets */; };
		60600BD22CC39E9400833A41 /* Base in Resources */ = {isa = PBXBuildFile; fileRef = 60600BD12CC39E9400833A41 /* Base */; };
		60600BE52CC3A24000833A41 /* Product.swift in Sources */ = {isa = PBXBuildFile; fileRef = 60600BE42CC3A24000833A41 /* Product.swift */; };
		60600BE72CC3A4CA00833A41 /* APIManager.swift in Sources */ = {isa = PBXBuildFile; fileRef = 60600BE62CC3A4CA00833A41 /* APIManager.swift */; };
		60600BE92CC3BA8900833A41 /* Constant.swift in Sources */ = {isa = PBXBuildFile; fileRef = 60600BE82CC3BA8900833A41 /* Constant.swift */; };
		60600BEB2CC3D25100833A41 /* ProductListViewController.swift in Sources */ = {isa = PBXBuildFile; fileRef = 60600BEA2CC3D25100833A41 /* ProductListViewController.swift */; };
		60600BED2CC3D41D00833A41 /* ProductViewModel.swift in Sources */ = {isa = PBXBuildFile; fileRef = 60600BEC2CC3D41D00833A41 /* ProductViewModel.swift */; };
		60600BF02CC42BF400833A41 /* ProductCell.xib in Resources */ = {isa = PBXBuildFile; fileRef = 60600BEF2CC42BF400833A41 /* ProductCell.xib */; };
		60600BF12CC42BF400833A41 /* ProductCell.swift in Sources */ = {isa = PBXBuildFile; fileRef = 60600BEE2CC42BF400833A41 /* ProductCell.swift */; };
		60600BF42CC6353B00833A41 /* Kingfisher in Frameworks */ = {isa = PBXBuildFile; productRef = 60600BF32CC6353B00833A41 /* Kingfisher */; };
		60600BF62CC635E100833A41 /* UIImageView + Extension.swift in Sources */ = {isa = PBXBuildFile; fileRef = 60600BF52CC635E100833A41 /* UIImageView + Extension.swift */; };
		60600BFA2CC6BB5D00833A41 /* EndPointType.swift in Sources */ = {isa = PBXBuildFile; fileRef = 60600BF92CC6BB5D00833A41 /* EndPointType.swift */; };
/* End PBXBuildFile section */

/* Begin PBXFileReference section */
		60600BBF2CC39E9300833A41 /* MVVMUIKit.app */ = {isa = PBXFileReference; explicitFileType = wrapper.application; includeInIndex = 0; path = MVVMUIKit.app; sourceTree = BUILT_PRODUCTS_DIR; };
		60600BC22CC39E9300833A41 /* AppDelegate.swift */ = {isa = PBXFileReference; lastKnownFileType = sourcecode.swift; path = AppDelegate.swift; sourceTree = "<group>"; };
		60600BC42CC39E9300833A41 /* SceneDelegate.swift */ = {isa = PBXFileReference; lastKnownFileType = sourcecode.swift; path = SceneDelegate.swift; sourceTree = "<group>"; };
		60600BC92CC39E9300833A41 /* Base */ = {isa = PBXFileReference; lastKnownFileType = file.storyboard; name = Base; path = Base.lproj/Main.storyboard; sourceTree = "<group>"; };
		60600BCC2CC39E9300833A41 /* MVVMUIKit.xcdatamodel */ = {isa = PBXFileReference; lastKnownFileType = wrapper.xcdatamodel; path = MVVMUIKit.xcdatamodel; sourceTree = "<group>"; };
		60600BCE2CC39E9400833A41 /* Assets.xcassets */ = {isa = PBXFileReference; lastKnownFileType = folder.assetcatalog; path = Assets.xcassets; sourceTree = "<group>"; };
		60600BD12CC39E9400833A41 /* Base */ = {isa = PBXFileReference; lastKnownFileType = file.storyboard; name = Base; path = Base.lproj/LaunchScreen.storyboard; sourceTree = "<group>"; };
		60600BD32CC39E9400833A41 /* Info.plist */ = {isa = PBXFileReference; lastKnownFileType = text.plist.xml; path = Info.plist; sourceTree = "<group>"; };
		60600BE42CC3A24000833A41 /* Product.swift */ = {isa = PBXFileReference; lastKnownFileType = sourcecode.swift; path = Product.swift; sourceTree = "<group>"; };
		60600BE62CC3A4CA00833A41 /* APIManager.swift */ = {isa = PBXFileReference; lastKnownFileType = sourcecode.swift; path = APIManager.swift; sourceTree = "<group>"; };
		60600BE82CC3BA8900833A41 /* Constant.swift */ = {isa = PBXFileReference; lastKnownFileType = sourcecode.swift; path = Constant.swift; sourceTree = "<group>"; };
		60600BEA2CC3D25100833A41 /* ProductListViewController.swift */ = {isa = PBXFileReference; lastKnownFileType = sourcecode.swift; path = ProductListViewController.swift; sourceTree = "<group>"; };
		60600BEC2CC3D41D00833A41 /* ProductViewModel.swift */ = {isa = PBXFileReference; lastKnownFileType = sourcecode.swift; path = ProductViewModel.swift; sourceTree = "<group>"; };
		60600BEE2CC42BF400833A41 /* ProductCell.swift */ = {isa = PBXFileReference; lastKnownFileType = sourcecode.swift; path = ProductCell.swift; sourceTree = "<group>"; };
		60600BEF2CC42BF400833A41 /* ProductCell.xib */ = {isa = PBXFileReference; lastKnownFileType = file.xib; path = ProductCell.xib; sourceTree = "<group>"; };
		60600BF52CC635E100833A41 /* UIImageView + Extension.swift */ = {isa = PBXFileReference; lastKnownFileType = sourcecode.swift; path = "UIImageView + Extension.swift"; sourceTree = "<group>"; };
		60600BF92CC6BB5D00833A41 /* EndPointType.swift */ = {isa = PBXFileReference; lastKnownFileType = sourcecode.swift; path = EndPointType.swift; sourceTree = "<group>"; };
/* End PBXFileReference section */

/* Begin PBXFrameworksBuildPhase section */
		60600BBC2CC39E9300833A41 /* Frameworks */ = {
			isa = PBXFrameworksBuildPhase;
			buildActionMask = 2147483647;
			files = (
				60600BF42CC6353B00833A41 /* Kingfisher in Frameworks */,
			);
			runOnlyForDeploymentPostprocessing = 0;
		};
/* End PBXFrameworksBuildPhase section */

/* Begin PBXGroup section */
		60600BB62CC39E9200833A41 = {
			isa = PBXGroup;
			children = (
				60600BF82CC6BB3700833A41 /* Utility */,
				60600BC12CC39E9300833A41 /* MVVMUIKit */,
				60600BC02CC39E9300833A41 /* Products */,
			);
			sourceTree = "<group>";
		};
		60600BC02CC39E9300833A41 /* Products */ = {
			isa = PBXGroup;
			children = (
				60600BBF2CC39E9300833A41 /* MVVMUIKit.app */,
			);
			name = Products;
			sourceTree = "<group>";
		};
		60600BC12CC39E9300833A41 /* MVVMUIKit */ = {
			isa = PBXGroup;
			children = (
				60600BDF2CC39F9D00833A41 /* Application */,
				60600BDD2CC39F9700833A41 /* Constant */,
				60600BDE2CC39F9A00833A41 /* Extensions */,
				60600BDC2CC39F9400833A41 /* Helper */,
				60600BDB2CC39F9100833A41 /* Screens */,
				60600BDA2CC39F8E00833A41 /* Storyboard */,
				60600BD92CC39F8A00833A41 /* Resources */,
				60600BD32CC39E9400833A41 /* Info.plist */,
				60600BCB2CC39E9300833A41 /* MVVMUIKit.xcdatamodeld */,
			);
			path = MVVMUIKit;
			sourceTree = "<group>";
		};
		60600BD92CC39F8A00833A41 /* Resources */ = {
			isa = PBXGroup;
			children = (
				60600BCE2CC39E9400833A41 /* Assets.xcassets */,
			);
			path = Resources;
			sourceTree = "<group>";
		};
		60600BDA2CC39F8E00833A41 /* Storyboard */ = {
			isa = PBXGroup;
			children = (
				60600BC82CC39E9300833A41 /* Main.storyboard */,
				60600BD02CC39E9400833A41 /* LaunchScreen.storyboard */,
			);
			path = Storyboard;
			sourceTree = "<group>";
		};
		60600BDB2CC39F9100833A41 /* Screens */ = {
			isa = PBXGroup;
			children = (
				60600BE02CC3A11F00833A41 /* Product */,
			);
			path = Screens;
			sourceTree = "<group>";
		};
		60600BDC2CC39F9400833A41 /* Helper */ = {
			isa = PBXGroup;
			children = (
				60600BE62CC3A4CA00833A41 /* APIManager.swift */,
			);
			path = Helper;
			sourceTree = "<group>";
		};
		60600BDD2CC39F9700833A41 /* Constant */ = {
			isa = PBXGroup;
			children = (
				60600BE82CC3BA8900833A41 /* Constant.swift */,
			);
			path = Constant;
			sourceTree = "<group>";
		};
		60600BDE2CC39F9A00833A41 /* Extensions */ = {
			isa = PBXGroup;
			children = (
				60600BF52CC635E100833A41 /* UIImageView + Extension.swift */,
			);
			path = Extensions;
			sourceTree = "<group>";
		};
		60600BDF2CC39F9D00833A41 /* Application */ = {
			isa = PBXGroup;
			children = (
				60600BC22CC39E9300833A41 /* AppDelegate.swift */,
				60600BC42CC39E9300833A41 /* SceneDelegate.swift */,
			);
			path = Application;
			sourceTree = "<group>";
		};
		60600BE02CC3A11F00833A41 /* Product */ = {
			isa = PBXGroup;
			children = (
				60600BE32CC3A13000833A41 /* Model */,
				60600BE22CC3A12D00833A41 /* View */,
				60600BE12CC3A12900833A41 /* ViewModel */,
			);
			path = Product;
			sourceTree = "<group>";
		};
		60600BE12CC3A12900833A41 /* ViewModel */ = {
			isa = PBXGroup;
			children = (
				60600BEC2CC3D41D00833A41 /* ProductViewModel.swift */,
			);
			path = ViewModel;
			sourceTree = "<group>";
		};
		60600BE22CC3A12D00833A41 /* View */ = {
			isa = PBXGroup;
			children = (
				60600BEE2CC42BF400833A41 /* ProductCell.swift */,
				60600BEF2CC42BF400833A41 /* ProductCell.xib */,
				60600BF72CC64B1200833A41 /* Controller */,
			);
			path = View;
			sourceTree = "<group>";
		};
		60600BE32CC3A13000833A41 /* Model */ = {
			isa = PBXGroup;
			children = (
				60600BE42CC3A24000833A41 /* Product.swift */,
			);
			path = Model;
			sourceTree = "<group>";
		};
		60600BF72CC64B1200833A41 /* Controller */ = {
			isa = PBXGroup;
			children = (
				60600BEA2CC3D25100833A41 /* ProductListViewController.swift */,
			);
			path = Controller;
			sourceTree = "<group>";
		};
		60600BF82CC6BB3700833A41 /* Utility */ = {
			isa = PBXGroup;
			children = (
				60600BF92CC6BB5D00833A41 /* EndPointType.swift */,
			);
			path = Utility;
			sourceTree = "<group>";
		};
/* End PBXGroup section */

/* Begin PBXNativeTarget section */
		60600BBE2CC39E9300833A41 /* MVVMUIKit */ = {
			isa = PBXNativeTarget;
			buildConfigurationList = 60600BD62CC39E9400833A41 /* Build configuration list for PBXNativeTarget "MVVMUIKit" */;
			buildPhases = (
				60600BBB2CC39E9300833A41 /* Sources */,
				60600BBC2CC39E9300833A41 /* Frameworks */,
				60600BBD2CC39E9300833A41 /* Resources */,
			);
			buildRules = (
			);
			dependencies = (
			);
			name = MVVMUIKit;
			packageProductDependencies = (
				60600BF32CC6353B00833A41 /* Kingfisher */,
			);
			productName = MVVMUIKit;
			productReference = 60600BBF2CC39E9300833A41 /* MVVMUIKit.app */;
			productType = "com.apple.product-type.application";
		};
/* End PBXNativeTarget section */

/* Begin PBXProject section */
		60600BB72CC39E9200833A41 /* Project object */ = {
			isa = PBXProject;
			attributes = {
				BuildIndependentTargetsInParallel = 1;
				LastSwiftUpdateCheck = 1540;
				LastUpgradeCheck = 1540;
				TargetAttributes = {
					60600BBE2CC39E9300833A41 = {
						CreatedOnToolsVersion = 15.4;
					};
				};
			};
			buildConfigurationList = 60600BBA2CC39E9200833A41 /* Build configuration list for PBXProject "MVVMUIKit" */;
			compatibilityVersion = "Xcode 14.0";
			developmentRegion = en;
			hasScannedForEncodings = 0;
			knownRegions = (
				en,
				Base,
			);
			mainGroup = 60600BB62CC39E9200833A41;
			packageReferences = (
				60600BF22CC6353B00833A41 /* XCRemoteSwiftPackageReference "Kingfisher" */,
			);
			productRefGroup = 60600BC02CC39E9300833A41 /* Products */;
			projectDirPath = "";
			projectRoot = "";
			targets = (
				60600BBE2CC39E9300833A41 /* MVVMUIKit */,
			);
		};
/* End PBXProject section */

/* Begin PBXResourcesBuildPhase section */
		60600BBD2CC39E9300833A41 /* Resources */ = {
			isa = PBXResourcesBuildPhase;
			buildActionMask = 2147483647;
			files = (
				60600BCF2CC39E9400833A41 /* Assets.xcassets in Resources */,
				60600BF02CC42BF400833A41 /* ProductCell.xib in Resources */,
				60600BD22CC39E9400833A41 /* Base in Resources */,
				60600BCA2CC39E9300833A41 /* Base in Resources */,
			);
			runOnlyForDeploymentPostprocessing = 0;
		};
/* End PBXResourcesBuildPhase section */

/* Begin PBXSourcesBuildPhase section */
		60600BBB2CC39E9300833A41 /* Sources */ = {
			isa = PBXSourcesBuildPhase;
			buildActionMask = 2147483647;
			files = (
				60600BC32CC39E9300833A41 /* AppDelegate.swift in Sources */,
				60600BE52CC3A24000833A41 /* Product.swift in Sources */,
				60600BEB2CC3D25100833A41 /* ProductListViewController.swift in Sources */,
				60600BE72CC3A4CA00833A41 /* APIManager.swift in Sources */,
				60600BF62CC635E100833A41 /* UIImageView + Extension.swift in Sources */,
				60600BFA2CC6BB5D00833A41 /* EndPointType.swift in Sources */,
				60600BCD2CC39E9300833A41 /* MVVMUIKit.xcdatamodeld in Sources */,
				60600BC52CC39E9300833A41 /* SceneDelegate.swift in Sources */,
				60600BF12CC42BF400833A41 /* ProductCell.swift in Sources */,
				60600BED2CC3D41D00833A41 /* ProductViewModel.swift in Sources */,
				60600BE92CC3BA8900833A41 /* Constant.swift in Sources */,
			);
			runOnlyForDeploymentPostprocessing = 0;
		};
/* End PBXSourcesBuildPhase section */

/* Begin PBXVariantGroup section */
		60600BC82CC39E9300833A41 /* Main.storyboard */ = {
			isa = PBXVariantGroup;
			children = (
				60600BC92CC39E9300833A41 /* Base */,
			);
			name = Main.storyboard;
			sourceTree = "<group>";
		};
		60600BD02CC39E9400833A41 /* LaunchScreen.storyboard */ = {
			isa = PBXVariantGroup;
			children = (
				60600BD12CC39E9400833A41 /* Base */,
			);
			name = LaunchScreen.storyboard;
			sourceTree = "<group>";
		};
/* End PBXVariantGroup section */

/* Begin XCBuildConfiguration section */
		60600BD42CC39E9400833A41 /* Debug */ = {
			isa = XCBuildConfiguration;
			buildSettings = {
				ALWAYS_SEARCH_USER_PATHS = NO;
				ASSETCATALOG_COMPILER_GENERATE_SWIFT_ASSET_SYMBOL_EXTENSIONS = YES;
				CLANG_ANALYZER_NONNULL = YES;
				CLANG_ANALYZER_NUMBER_OBJECT_CONVERSION = YES_AGGRESSIVE;
				CLANG_CXX_LANGUAGE_STANDARD = "gnu++20";
				CLANG_ENABLE_MODULES = YES;
				CLANG_ENABLE_OBJC_ARC = YES;
				CLANG_ENABLE_OBJC_WEAK = YES;
				CLANG_WARN_BLOCK_CAPTURE_AUTORELEASING = YES;
				CLANG_WARN_BOOL_CONVERSION = YES;
				CLANG_WARN_COMMA = YES;
				CLANG_WARN_CONSTANT_CONVERSION = YES;
				CLANG_WARN_DEPRECATED_OBJC_IMPLEMENTATIONS = YES;
				CLANG_WARN_DIRECT_OBJC_ISA_USAGE = YES_ERROR;
				CLANG_WARN_DOCUMENTATION_COMMENTS = YES;
				CLANG_WARN_EMPTY_BODY = YES;
				CLANG_WARN_ENUM_CONVERSION = YES;
				CLANG_WARN_INFINITE_RECURSION = YES;
				CLANG_WARN_INT_CONVERSION = YES;
				CLANG_WARN_NON_LITERAL_NULL_CONVERSION = YES;
				CLANG_WARN_OBJC_IMPLICIT_RETAIN_SELF = YES;
				CLANG_WARN_OBJC_LITERAL_CONVERSION = YES;
				CLANG_WARN_OBJC_ROOT_CLASS = YES_ERROR;
				CLANG_WARN_QUOTED_INCLUDE_IN_FRAMEWORK_HEADER = YES;
				CLANG_WARN_RANGE_LOOP_ANALYSIS = YES;
				CLANG_WARN_STRICT_PROTOTYPES = YES;
				CLANG_WARN_SUSPICIOUS_MOVE = YES;
				CLANG_WARN_UNGUARDED_AVAILABILITY = YES_AGGRESSIVE;
				CLANG_WARN_UNREACHABLE_CODE = YES;
				CLANG_WARN__DUPLICATE_METHOD_MATCH = YES;
				COPY_PHASE_STRIP = NO;
				DEBUG_INFORMATION_FORMAT = dwarf;
				ENABLE_STRICT_OBJC_MSGSEND = YES;
				ENABLE_TESTABILITY = YES;
				ENABLE_USER_SCRIPT_SANDBOXING = YES;
				GCC_C_LANGUAGE_STANDARD = gnu17;
				GCC_DYNAMIC_NO_PIC = NO;
				GCC_NO_COMMON_BLOCKS = YES;
				GCC_OPTIMIZATION_LEVEL = 0;
				GCC_PREPROCESSOR_DEFINITIONS = (
					"DEBUG=1",
					"$(inherited)",
				);
				GCC_WARN_64_TO_32_BIT_CONVERSION = YES;
				GCC_WARN_ABOUT_RETURN_TYPE = YES_ERROR;
				GCC_WARN_UNDECLARED_SELECTOR = YES;
				GCC_WARN_UNINITIALIZED_AUTOS = YES_AGGRESSIVE;
				GCC_WARN_UNUSED_FUNCTION = YES;
				GCC_WARN_UNUSED_VARIABLE = YES;
				IPHONEOS_DEPLOYMENT_TARGET = 17.5;
				LOCALIZATION_PREFERS_STRING_CATALOGS = YES;
				MTL_ENABLE_DEBUG_INFO = INCLUDE_SOURCE;
				MTL_FAST_MATH = YES;
				ONLY_ACTIVE_ARCH = YES;
				SDKROOT = iphoneos;
				SWIFT_ACTIVE_COMPILATION_CONDITIONS = "DEBUG $(inherited)";
				SWIFT_OPTIMIZATION_LEVEL = "-Onone";
			};
			name = Debug;
		};
		60600BD52CC39E9400833A41 /* Release */ = {
			isa = XCBuildConfiguration;
			buildSettings = {
				ALWAYS_SEARCH_USER_PATHS = NO;
				ASSETCATALOG_COMPILER_GENERATE_SWIFT_ASSET_SYMBOL_EXTENSIONS = YES;
				CLANG_ANALYZER_NONNULL = YES;
				CLANG_ANALYZER_NUMBER_OBJECT_CONVERSION = YES_AGGRESSIVE;
				CLANG_CXX_LANGUAGE_STANDARD = "gnu++20";
				CLANG_ENABLE_MODULES = YES;
				CLANG_ENABLE_OBJC_ARC = YES;
				CLANG_ENABLE_OBJC_WEAK = YES;
				CLANG_WARN_BLOCK_CAPTURE_AUTORELEASING = YES;
				CLANG_WARN_BOOL_CONVERSION = YES;
				CLANG_WARN_COMMA = YES;
				CLANG_WARN_CONSTANT_CONVERSION = YES;
				CLANG_WARN_DEPRECATED_OBJC_IMPLEMENTATIONS = YES;
				CLANG_WARN_DIRECT_OBJC_ISA_USAGE = YES_ERROR;
				CLANG_WARN_DOCUMENTATION_COMMENTS = YES;
				CLANG_WARN_EMPTY_BODY = YES;
				CLANG_WARN_ENUM_CONVERSION = YES;
				CLANG_WARN_INFINITE_RECURSION = YES;
				CLANG_WARN_INT_CONVERSION = YES;
				CLANG_WARN_NON_LITERAL_NULL_CONVERSION = YES;
				CLANG_WARN_OBJC_IMPLICIT_RETAIN_SELF = YES;
				CLANG_WARN_OBJC_LITERAL_CONVERSION = YES;
				CLANG_WARN_OBJC_ROOT_CLASS = YES_ERROR;
				CLANG_WARN_QUOTED_INCLUDE_IN_FRAMEWORK_HEADER = YES;
				CLANG_WARN_RANGE_LOOP_ANALYSIS = YES;
				CLANG_WARN_STRICT_PROTOTYPES = YES;
				CLANG_WARN_SUSPICIOUS_MOVE = YES;
				CLANG_WARN_UNGUARDED_AVAILABILITY = YES_AGGRESSIVE;
				CLANG_WARN_UNREACHABLE_CODE = YES;
				CLANG_WARN__DUPLICATE_METHOD_MATCH = YES;
				COPY_PHASE_STRIP = NO;
				DEBUG_INFORMATION_FORMAT = "dwarf-with-dsym";
				ENABLE_NS_ASSERTIONS = NO;
				ENABLE_STRICT_OBJC_MSGSEND = YES;
				ENABLE_USER_SCRIPT_SANDBOXING = YES;
				GCC_C_LANGUAGE_STANDARD = gnu17;
				GCC_NO_COMMON_BLOCKS = YES;
				GCC_WARN_64_TO_32_BIT_CONVERSION = YES;
				GCC_WARN_ABOUT_RETURN_TYPE = YES_ERROR;
				GCC_WARN_UNDECLARED_SELECTOR = YES;
				GCC_WARN_UNINITIALIZED_AUTOS = YES_AGGRESSIVE;
				GCC_WARN_UNUSED_FUNCTION = YES;
				GCC_WARN_UNUSED_VARIABLE = YES;
				IPHONEOS_DEPLOYMENT_TARGET = 17.5;
				LOCALIZATION_PREFERS_STRING_CATALOGS = YES;
				MTL_ENABLE_DEBUG_INFO = NO;
				MTL_FAST_MATH = YES;
				SDKROOT = iphoneos;
				SWIFT_COMPILATION_MODE = wholemodule;
				VALIDATE_PRODUCT = YES;
			};
			name = Release;
		};
		60600BD72CC39E9400833A41 /* Debug */ = {
			isa = XCBuildConfiguration;
			buildSettings = {
				ASSETCATALOG_COMPILER_APPICON_NAME = AppIcon;
				ASSETCATALOG_COMPILER_GLOBAL_ACCENT_COLOR_NAME = AccentColor;
				CODE_SIGN_STYLE = Automatic;
				CURRENT_PROJECT_VERSION = 1;
				GENERATE_INFOPLIST_FILE = YES;
				INFOPLIST_FILE = MVVMUIKit/Info.plist;
				INFOPLIST_KEY_UIApplicationSupportsIndirectInputEvents = YES;
				INFOPLIST_KEY_UILaunchStoryboardName = LaunchScreen;
				INFOPLIST_KEY_UIMainStoryboardFile = Main;
				INFOPLIST_KEY_UISupportedInterfaceOrientations_iPad = "UIInterfaceOrientationPortrait UIInterfaceOrientationPortraitUpsideDown UIInterfaceOrientationLandscapeLeft UIInterfaceOrientationLandscapeRight";
				INFOPLIST_KEY_UISupportedInterfaceOrientations_iPhone = "UIInterfaceOrientationPortrait UIInterfaceOrientationLandscapeLeft UIInterfaceOrientationLandscapeRight";
				LD_RUNPATH_SEARCH_PATHS = (
					"$(inherited)",
					"@executable_path/Frameworks",
				);
				MARKETING_VERSION = 1.0;
				PRODUCT_BUNDLE_IDENTIFIER = com.MVVMUIKit;
				PRODUCT_NAME = "$(TARGET_NAME)";
				SWIFT_EMIT_LOC_STRINGS = YES;
				SWIFT_VERSION = 5.0;
				TARGETED_DEVICE_FAMILY = "1,2";
			};
			name = Debug;
		};
		60600BD82CC39E9400833A41 /* Release */ = {
			isa = XCBuildConfiguration;
			buildSettings = {
				ASSETCATALOG_COMPILER_APPICON_NAME = AppIcon;
				ASSETCATALOG_COMPILER_GLOBAL_ACCENT_COLOR_NAME = AccentColor;
				CODE_SIGN_STYLE = Automatic;
				CURRENT_PROJECT_VERSION = 1;
				GENERATE_INFOPLIST_FILE = YES;
				INFOPLIST_FILE = MVVMUIKit/Info.plist;
				INFOPLIST_KEY_UIApplicationSupportsIndirectInputEvents = YES;
				INFOPLIST_KEY_UILaunchStoryboardName = LaunchScreen;
				INFOPLIST_KEY_UIMainStoryboardFile = Main;
				INFOPLIST_KEY_UISupportedInterfaceOrientations_iPad = "UIInterfaceOrientationPortrait UIInterfaceOrientationPortraitUpsideDown UIInterfaceOrientationLandscapeLeft UIInterfaceOrientationLandscapeRight";
				INFOPLIST_KEY_UISupportedInterfaceOrientations_iPhone = "UIInterfaceOrientationPortrait UIInterfaceOrientationLandscapeLeft UIInterfaceOrientationLandscapeRight";
				LD_RUNPATH_SEARCH_PATHS = (
					"$(inherited)",
					"@executable_path/Frameworks",
				);
				MARKETING_VERSION = 1.0;
				PRODUCT_BUNDLE_IDENTIFIER = com.MVVMUIKit;
				PRODUCT_NAME = "$(TARGET_NAME)";
				SWIFT_EMIT_LOC_STRINGS = YES;
				SWIFT_VERSION = 5.0;
				TARGETED_DEVICE_FAMILY = "1,2";
			};
			name = Release;
		};
/* End XCBuildConfiguration section */

/* Begin XCConfigurationList section */
		60600BBA2CC39E9200833A41 /* Build configuration list for PBXProject "MVVMUIKit" */ = {
			isa = XCConfigurationList;
			buildConfigurations = (
				60600BD42CC39E9400833A41 /* Debug */,
				60600BD52CC39E9400833A41 /* Release */,
			);
			defaultConfigurationIsVisible = 0;
			defaultConfigurationName = Release;
		};
		60600BD62CC39E9400833A41 /* Build configuration list for PBXNativeTarget "MVVMUIKit" */ = {
			isa = XCConfigurationList;
			buildConfigurations = (
				60600BD72CC39E9400833A41 /* Debug */,
				60600BD82CC39E9400833A41 /* Release */,
			);
			defaultConfigurationIsVisible = 0;
			defaultConfigurationName = Release;
		};
/* End XCConfigurationList section */

/* Begin XCRemoteSwiftPackageReference section */
		60600BF22CC6353B00833A41 /* XCRemoteSwiftPackageReference "Kingfisher" */ = {
			isa = XCRemoteSwiftPackageReference;
			repositoryURL = "https://github.com/onevcat/Kingfisher";
			requirement = {
				kind = upToNextMajorVersion;
				minimumVersion = 8.0.0;
			};
		};
/* End XCRemoteSwiftPackageReference section */

/* Begin XCSwiftPackageProductDependency section */
		60600BF32CC6353B00833A41 /* Kingfisher */ = {
			isa = XCSwiftPackageProductDependency;
			package = 60600BF22CC6353B00833A41 /* XCRemoteSwiftPackageReference "Kingfisher" */;
			productName = Kingfisher;
		};
/* End XCSwiftPackageProductDependency section */

/* Begin XCVersionGroup section */
		60600BCB2CC39E9300833A41 /* MVVMUIKit.xcdatamodeld */ = {
			isa = XCVersionGroup;
			children = (
				60600BCC2CC39E9300833A41 /* MVVMUIKit.xcdatamodel */,
			);
			currentVersion = 60600BCC2CC39E9300833A41 /* MVVMUIKit.xcdatamodel */;
			path = MVVMUIKit.xcdatamodeld;
			sourceTree = "<group>";
			versionGroupType = wrapper.xcdatamodel;
		};
/* End XCVersionGroup section */
	};
	rootObject = 60600BB72CC39E9200833A41 /* Project object */;
}
